{
  "requires": true,
  "lockfileVersion": 1,
  "dependencies": {
    "alea": {
      "version": "1.0.1",
      "resolved": "https://registry.npmjs.org/alea/-/alea-1.0.1.tgz",
      "integrity": "sha512-QU+wv+ziDXaMxRdsQg/aH7sVfWdhKps5YP97IIwFkHCsbDZA3k87JXoZ5/iuemf4ntytzIWeScrRpae8+lDrXA=="
    },
    "alpha-complex": {
      "version": "1.0.0",
      "resolved": "https://registry.npmjs.org/alpha-complex/-/alpha-complex-1.0.0.tgz",
      "integrity": "sha512-rhsjKfc9tMF5QZc0NhKz/zFzMu2rvHxCP/PyJtEmMkV7M848YjIoQGDlNGp+vTqxXjA8wAY2OxgR1K54C2Awkg==",
      "requires": {
        "circumradius": "^1.0.0",
        "delaunay-triangulate": "^1.1.6"
      }
    },
    "alpha-shape": {
      "version": "1.0.0",
      "resolved": "https://registry.npmjs.org/alpha-shape/-/alpha-shape-1.0.0.tgz",
      "integrity": "sha512-/V+fmmjtSA2yfQNq8iEqBxnPbjcOMXpM9Ny+yE/O7aLR7Q1oPzUc9bHH0fPHS3hUugUL/dHzTis6l3JirYOS/w==",
      "requires": {
        "alpha-complex": "^1.0.0",
        "simplicial-complex-boundary": "^1.0.0"
      }
    },
    "bit-twiddle": {
      "version": "1.0.2",
      "resolved": "https://registry.npmjs.org/bit-twiddle/-/bit-twiddle-1.0.2.tgz",
      "integrity": "sha512-B9UhK0DKFZhoTFcfvAzhqsjStvGJp9vYWf3+6SNTtdSQnvIgfkHbgHrg/e4+TH71N2GDu8tpmCVoyfrL1d7ntA=="
    },
    "boundary-cells": {
      "version": "2.0.2",
      "resolved": "https://registry.npmjs.org/boundary-cells/-/boundary-cells-2.0.2.tgz",
      "integrity": "sha512-/S48oUFYEgZMNvdqC87iYRbLBAPHYijPRNrNpm/sS8u7ijIViKm/hrV3YD4sx/W68AsG5zLMyBEditVHApHU5w=="
    },
    "cell-orientation": {
      "version": "1.0.1",
      "resolved": "https://registry.npmjs.org/cell-orientation/-/cell-orientation-1.0.1.tgz",
      "integrity": "sha512-DtEsrgP+donmPxpEZm7hK8zCPYDXAQ977ecJiE7G0gbTfnS6TZVBlief3IdRP/TZS1PVnJRGJTDdjSdV8mRDug=="
    },
    "circumcenter": {
      "version": "1.0.0",
      "resolved": "https://registry.npmjs.org/circumcenter/-/circumcenter-1.0.0.tgz",
      "integrity": "sha512-YRw0mvttcISviaOtSmaHb2G3ZVbkxzYPQeAEd57/CFFtmOkwfRTw9XuxYZ7PCi2BYa0NajjHV6bq4nbY1VCC8g==",
      "requires": {
        "dup": "^1.0.0",
        "robust-linear-solve": "^1.0.0"
      }
    },
    "circumradius": {
      "version": "1.0.0",
      "resolved": "https://registry.npmjs.org/circumradius/-/circumradius-1.0.0.tgz",
      "integrity": "sha512-5ltoQvWQzJiZjCVX9PBKgKt+nsuzOLKayqXMNllfRSqIp2L5jFpdanv1V6j27Ue7ACxlzmamlR+jnLy+NTTVTw==",
      "requires": {
        "circumcenter": "^1.0.0"
      }
    },
    "compare-cell": {
      "version": "1.0.0",
      "resolved": "https://registry.npmjs.org/compare-cell/-/compare-cell-1.0.0.tgz",
      "integrity": "sha512-uNIkjiNLZLhdCgouF39J+W04R7oP1vwrNME4vP2b2/bAa6PHOj+h8yXu52uPjPTKs5RatvqNsDVwEN7Yp19vNA=="
    },
    "compare-oriented-cell": {
      "version": "1.0.1",
      "resolved": "https://registry.npmjs.org/compare-oriented-cell/-/compare-oriented-cell-1.0.1.tgz",
      "integrity": "sha512-9D7R2MQfsGGRskZAZF0TkJHt9eFNbFkZyVdVps+WUYxtRHgG77BLbieKgSkj7iEAb9PNDSU9QNa9MtigjQ3ktQ==",
      "requires": {
        "cell-orientation": "^1.0.1",
        "compare-cell": "^1.0.0"
      }
    },
    "d3-octree": {
      "version": "0.2.2",
      "resolved": "https://registry.npmjs.org/d3-octree/-/d3-octree-0.2.2.tgz",
      "integrity": "sha512-ysk9uSPAhZVb0Gq4GXzghl/Yqxu80dHrq55I53qaIMdGB65+0UfO84sr4Fci2JHumcgh6H4WE0r8LwxPagkE+g=="
    },
    "delaunay-triangulate": {
      "version": "1.1.6",
      "resolved": "https://registry.npmjs.org/delaunay-triangulate/-/delaunay-triangulate-1.1.6.tgz",
      "integrity": "sha512-mhAclqFCgLoiBIDQDIz2K+puZq6OhYxunXrG2wtTcZS+S1xuzl+H3h0MIOajpES+Z+jfY/rz0wVt3o5iipt1wg==",
      "requires": {
        "incremental-convex-hull": "^1.0.1",
        "uniq": "^1.0.1"
      }
    },
    "dup": {
      "version": "1.0.0",
      "resolved": "https://registry.npmjs.org/dup/-/dup-1.0.0.tgz",
      "integrity": "sha512-Bz5jxMMC0wgp23Zm15ip1x8IhYRqJvF3nFC0UInJUDkN1z4uNPk9jTnfCUJXbOGiQ1JbXLQsiV41Fb+HXcj5BA=="
    },
    "incremental-convex-hull": {
      "version": "1.0.1",
      "resolved": "https://registry.npmjs.org/incremental-convex-hull/-/incremental-convex-hull-1.0.1.tgz",
      "integrity": "sha512-mKRJDXtzo1R9LxCuB1TdwZXHaPaIEldoGPsXy2jrJc/kufyqp8y/VAQQxThSxM2aroLoh6uObexPk1ASJ7FB7Q==",
      "requires": {
        "robust-orientation": "^1.1.2",
        "simplicial-complex": "^1.0.0"
      }
    },
    "reduce-simplicial-complex": {
      "version": "1.0.0",
      "resolved": "https://registry.npmjs.org/reduce-simplicial-complex/-/reduce-simplicial-complex-1.0.0.tgz",
      "integrity": "sha512-t+nT7sHDtcxBx8TbglqfLsLKoFiSn9hp6GFojJEThHBAFv72wQeq/uRiPYZa4Xb8FR1Ye1foRcBV3Ki6bgm+pQ==",
      "requires": {
        "cell-orientation": "^1.0.1",
        "compare-cell": "^1.0.0",
        "compare-oriented-cell": "^1.0.1"
      }
    },
    "robust-compress": {
      "version": "1.0.0",
      "resolved": "https://registry.npmjs.org/robust-compress/-/robust-compress-1.0.0.tgz",
      "integrity": "sha512-E8btSpQ6zZr7LvRLrLvb+N5rwQ0etUbsXFKv5NQj6TVK6RYT00Qg9iVFvIWR+GxXUvpes7FDN0WfXa3l7wtGOw=="
    },
    "robust-determinant": {
      "version": "1.1.0",
      "resolved": "https://registry.npmjs.org/robust-determinant/-/robust-determinant-1.1.0.tgz",
      "integrity": "sha512-xva9bx/vyAv3pVYL2++vlnvM9q7oQOeCS5iscmlWtmaXHEgI4GFWeuYPUVVhvmYwx9N49EsQTonVJihYtcMo1Q==",
      "requires": {
        "robust-compress": "^1.0.0",
        "robust-scale": "^1.0.0",
        "robust-sum": "^1.0.0",
        "two-product": "^1.0.0"
      }
    },
    "robust-linear-solve": {
      "version": "1.0.0",
      "resolved": "https://registry.npmjs.org/robust-linear-solve/-/robust-linear-solve-1.0.0.tgz",
      "integrity": "sha512-I1qW8Bl9+UYeGNh2Vt8cwkcD74xWMyjnU6lSVcZrf0eyfwPmreflY3v0SvqCZOj5ddxnSS1Xp31igbFNcg1TGQ==",
      "requires": {
        "robust-determinant": "^1.1.0"
      }
    },
    "robust-orientation": {
      "version": "1.2.1",
      "resolved": "https://registry.npmjs.org/robust-orientation/-/robust-orientation-1.2.1.tgz",
      "integrity": "sha512-FuTptgKwY6iNuU15nrIJDLjXzCChWB+T4AvksRtwPS/WZ3HuP1CElCm1t+OBfgQKfWbtZIawip+61k7+buRKAg==",
      "requires": {
        "robust-scale": "^1.0.2",
        "robust-subtract": "^1.0.0",
        "robust-sum": "^1.0.0",
        "two-product": "^1.0.2"
      }
    },
    "robust-scale": {
      "version": "1.0.2",
      "resolved": "https://registry.npmjs.org/robust-scale/-/robust-scale-1.0.2.tgz",
      "integrity": "sha512-jBR91a/vomMAzazwpsPTPeuTPPmWBacwA+WYGNKcRGSh6xweuQ2ZbjRZ4v792/bZOhRKXRiQH0F48AvuajY0tQ==",
      "requires": {
        "two-product": "^1.0.2",
        "two-sum": "^1.0.0"
      }
    },
    "robust-subtract": {
      "version": "1.0.0",
      "resolved": "https://registry.npmjs.org/robust-subtract/-/robust-subtract-1.0.0.tgz",
      "integrity": "sha512-xhKUno+Rl+trmxAIVwjQMiVdpF5llxytozXJOdoT4eTIqmqsndQqFb1A0oiW3sZGlhMRhOi6pAD4MF1YYW6o/A=="
    },
    "robust-sum": {
      "version": "1.0.0",
      "resolved": "https://registry.npmjs.org/robust-sum/-/robust-sum-1.0.0.tgz",
      "integrity": "sha512-AvLExwpaqUqD1uwLU6MwzzfRdaI6VEZsyvQ3IAQ0ZJ08v1H+DTyqskrf2ZJyh0BDduFVLN7H04Zmc+qTiahhAw=="
    },
    "simplex-noise": {
      "version": "4.0.0",
      "resolved": "https://registry.npmjs.org/simplex-noise/-/simplex-noise-4.0.0.tgz",
      "integrity": "sha512-ciRAxJnRdQhFhZ7+yZKxk8bQJoIq2J2UPO2pbzy1vcrWFq70P4hNCCmcCTkBKDCIeXZVd/yKjL8Fmh8Aeu5+6g=="
    },
    "simplicial-complex": {
      "version": "1.0.0",
      "resolved": "https://registry.npmjs.org/simplicial-complex/-/simplicial-complex-1.0.0.tgz",
      "integrity": "sha512-mHauIKSOy3GquM5VnYEiu7eP5y4A8BiaN9ezUUgyYFz1k68PqDYcyaH3kenp2cyvWZE96QKE3nrxYw65Allqiw==",
      "requires": {
        "bit-twiddle": "^1.0.0",
        "union-find": "^1.0.0"
      }
    },
    "simplicial-complex-boundary": {
      "version": "1.0.1",
      "resolved": "https://registry.npmjs.org/simplicial-complex-boundary/-/simplicial-complex-boundary-1.0.1.tgz",
      "integrity": "sha512-hz/AaVbs+s08EVoxlbCE68AlC6/mxFJLxJrGRMbDoTjz3030nhcOq+w5+f0/ZaU2EYjmwa8CdVKpiRVIrhaZjA==",
      "requires": {
        "boundary-cells": "^2.0.0",
        "reduce-simplicial-complex": "^1.0.0"
      }
    },
    "two-product": {
      "version": "1.0.2",
      "resolved": "https://registry.npmjs.org/two-product/-/two-product-1.0.2.tgz",
      "integrity": "sha512-vOyrqmeYvzjToVM08iU52OFocWT6eB/I5LUWYnxeAPGXAhAxXYU/Yr/R2uY5/5n4bvJQL9AQulIuxpIsMoT8XQ=="
    },
    "two-sum": {
      "version": "1.0.0",
      "resolved": "https://registry.npmjs.org/two-sum/-/two-sum-1.0.0.tgz",
      "integrity": "sha512-phP48e8AawgsNUjEY2WvoIWqdie8PoiDZGxTDv70LDr01uX5wLEQbOgSP7Z/B6+SW5oLtbe8qaYX2fKJs3CGTw=="
    },
    "union-find": {
      "version": "1.0.2",
      "resolved": "https://registry.npmjs.org/union-find/-/union-find-1.0.2.tgz",
      "integrity": "sha512-wFA9bMD/40k7ZcpKVXfu6X1qD3ri5ryO8HUsuA1RnxPCQl66Mu6DgkxyR+XNnd+osD0aLENixcJVFj+uf+O4gw=="
    },
    "uniq": {
      "version": "1.0.1",
      "resolved": "https://registry.npmjs.org/uniq/-/uniq-1.0.1.tgz",
      "integrity": "sha512-Gw+zz50YNKPDKXs+9d+aKAjVwpjNwqzvNpLigIruT4HA9lMZNdMqs9x07kKHB/L9WRzqp4+DlTU5s4wG2esdoA=="
    }
  }
}
